
Microsoft Visual Studio Solution File, Format Version 12.00
# Visual Studio Version 16
VisualStudioVersion = 16.0.32630.194
MinimumVisualStudioVersion = 10.0.40219.1
Project("{FAE04EC0-301F-11D3-BF4B-00C04F79EFBC}") = "deneme1", "deneme1\deneme1.csproj", "{C2E8F6F6-31B6-4F0C-A21D-D5D0419695DF}"
EndProject
Global
	GlobalSection(SolutionConfigurationPlatforms) = preSolution
		Debug|Any CPU = Debug|Any CPU
		Release|Any CPU = Release|Any CPU
	EndGlobalSection
	GlobalSection(ProjectConfigurationPlatforms) = postSolution
		{C2E8F6F6-31B6-4F0C-A21D-D5D0419695DF}.Debug|Any CPU.ActiveCfg = Debug|Any CPU
		{C2E8F6F6-31B6-4F0C-A21D-D5D0419695DF}.Debug|Any CPU.Build.0 = Debug|Any CPU
		{C2E8F6F6-31B6-4F0C-A21D-D5D0419695DF}.Release|Any CPU.ActiveCfg = Release|Any CPU
		{C2E8F6F6-31B6-4F0C-A21D-D5D0419695DF}.Release|Any CPU.Build.0 = Release|Any CPU
	EndGlobalSection
	GlobalSection(SolutionProperties) = preSolution
		HideSolutionNode = FALSE
	EndGlobalSection
	GlobalSection(ExtensibilityGlobals) = postSolution
		SolutionGuid = {B9AC3441-9CC5-411E-954E-6459554C6B67}
	EndGlobalSection
EndGlobal
